
Microsoft Visual Studio Solution File, Format Version 12.00
# Visual Studio Version 17
VisualStudioVersion = 17.5.002.0
MinimumVisualStudioVersion = 10.0.40219.1
Project("{9A19103F-16F7-4668-BE54-9A1E7A4F7556}") = "BlazorMovieDB", "BlazorMovieDB.csproj", "{72E8548D-988C-4848-901F-1AB6116ACBBD}"
EndProject
Global
	GlobalSection(SolutionConfigurationPlatforms) = preSolution
		Debug|Any CPU = Debug|Any CPU
		Release|Any CPU = Release|Any CPU
	EndGlobalSection
	GlobalSection(ProjectConfigurationPlatforms) = postSolution
		{72E8548D-988C-4848-901F-1AB6116ACBBD}.Debug|Any CPU.ActiveCfg = Debug|Any CPU
		{72E8548D-988C-4848-901F-1AB6116ACBBD}.Debug|Any CPU.Build.0 = Debug|Any CPU
		{72E8548D-988C-4848-901F-1AB6116ACBBD}.Release|Any CPU.ActiveCfg = Release|Any CPU
		{72E8548D-988C-4848-901F-1AB6116ACBBD}.Release|Any CPU.Build.0 = Release|Any CPU
	EndGlobalSection
	GlobalSection(SolutionProperties) = preSolution
		HideSolutionNode = FALSE
	EndGlobalSection
	GlobalSection(ExtensibilityGlobals) = postSolution
		SolutionGuid = {D6A9B46A-FAAA-47BB-B3E8-3B7C1C416F1C}
	EndGlobalSection
EndGlobal
